
Microsoft Visual Studio Solution File, Format Version 12.00
# Visual Studio Version 17
VisualStudioVersion = 17.5.33530.505
MinimumVisualStudioVersion = 10.0.40219.1
Project("{FAE04EC0-301F-11D3-BF4B-00C04F79EFBC}") = "MLDEMO", "MLDEMO\MLDEMO.csproj", "{22DD2878-BC15-4103-BDA6-60C046FA1BF2}"
EndProject
Global
	GlobalSection(SolutionConfigurationPlatforms) = preSolution
		Debug|Any CPU = Debug|Any CPU
		Release|Any CPU = Release|Any CPU
	EndGlobalSection
	GlobalSection(ProjectConfigurationPlatforms) = postSolution
		{22DD2878-BC15-4103-BDA6-60C046FA1BF2}.Debug|Any CPU.ActiveCfg = Debug|Any CPU
		{22DD2878-BC15-4103-BDA6-60C046FA1BF2}.Debug|Any CPU.Build.0 = Debug|Any CPU
		{22DD2878-BC15-4103-BDA6-60C046FA1BF2}.Release|Any CPU.ActiveCfg = Release|Any CPU
		{22DD2878-BC15-4103-BDA6-60C046FA1BF2}.Release|Any CPU.Build.0 = Release|Any CPU
	EndGlobalSection
	GlobalSection(SolutionProperties) = preSolution
		HideSolutionNode = FALSE
	EndGlobalSection
	GlobalSection(ExtensibilityGlobals) = postSolution
		SolutionGuid = {FD79716A-49F8-434E-A1DB-837928C87579}
	EndGlobalSection
EndGlobal
